
Microsoft Visual Studio Solution File, Format Version 12.00
# Visual Studio Version 16
VisualStudioVersion = 25.0.1705.6
MinimumVisualStudioVersion = 10.0.40219.1
Project("{2150E333-8FDC-42A3-9474-1A3956D46DE8}") = "Presentation", "Presentation", "{0453BA80-714F-49E9-B6C9-C536105D97B4}"
EndProject
Project("{2150E333-8FDC-42A3-9474-1A3956D46DE8}") = "Library", "Library", "{78B52D9A-523F-43C0-99BF-304A0E11D887}"
EndProject
Project("{2150E333-8FDC-42A3-9474-1A3956D46DE8}") = "Test", "Test", "{B20815C9-9284-40DA-A93E-3BD0758F5046}"
EndProject
Project("{2150E333-8FDC-42A3-9474-1A3956D46DE8}") = "Application", "Application", "{4E161259-6A84-45E8-8CFA-C1771890DB89}"
EndProject
Project("{2150E333-8FDC-42A3-9474-1A3956D46DE8}") = "API", "API", "{92E8A250-079E-4027-91B4-41EF8B3FA752}"
EndProject
Project("{FAE04EC0-301F-11D3-BF4B-00C04F79EFBC}") = "Box.API", "Presentation\API\Box.API.csproj", "{AA724B97-48A6-4ED6-ABF9-27BB1B21433E}"
EndProject
Project("{FAE04EC0-301F-11D3-BF4B-00C04F79EFBC}") = "Box.Application", "Library\Application\Box.Application\Box.Application.csproj", "{A7DA5083-0C64-4242-802E-22507C3FBBA6}"
EndProject
Project("{2150E333-8FDC-42A3-9474-1A3956D46DE8}") = "Domain", "Domain", "{210DC8DB-C18F-470E-BFA1-2AB1D73BF3DC}"
EndProject
Project("{FAE04EC0-301F-11D3-BF4B-00C04F79EFBC}") = "Box.Domain", "Library\Domain\Box.Domain\Box.Domain.csproj", "{8F3BBEB4-0CA8-4942-892E-1E6E91EF0D95}"
EndProject
Project("{FAE04EC0-301F-11D3-BF4B-00C04F79EFBC}") = "Box.Contract", "Library\Application\Box.Contract\Box.Contract.csproj", "{32912746-D020-49AB-8F80-23E4016458C0}"
EndProject
Project("{2150E333-8FDC-42A3-9474-1A3956D46DE8}") = "Core", "Core", "{574C3E7A-07EB-4650-AFD5-437BBB11B1CB}"
EndProject
Project("{FAE04EC0-301F-11D3-BF4B-00C04F79EFBC}") = "Box.Data", "Library\Core\Box.Data\Box.Data.csproj", "{0375D3DF-764F-4B3A-B08F-EB2F3E733F99}"
EndProject
Global
	GlobalSection(SolutionConfigurationPlatforms) = preSolution
		Debug|Any CPU = Debug|Any CPU
		Release|Any CPU = Release|Any CPU
	EndGlobalSection
	GlobalSection(ProjectConfigurationPlatforms) = postSolution
		{EAF82049-3886-4D04-816E-D67E4EDF0E66}.Debug|Any CPU.ActiveCfg = Debug|Any CPU
		{EAF82049-3886-4D04-816E-D67E4EDF0E66}.Debug|Any CPU.Build.0 = Debug|Any CPU
		{EAF82049-3886-4D04-816E-D67E4EDF0E66}.Release|Any CPU.ActiveCfg = Release|Any CPU
		{EAF82049-3886-4D04-816E-D67E4EDF0E66}.Release|Any CPU.Build.0 = Release|Any CPU
		{DB265B00-82D8-4C7F-B2AE-07351999A873}.Debug|Any CPU.ActiveCfg = Debug|Any CPU
		{DB265B00-82D8-4C7F-B2AE-07351999A873}.Debug|Any CPU.Build.0 = Debug|Any CPU
		{DB265B00-82D8-4C7F-B2AE-07351999A873}.Release|Any CPU.ActiveCfg = Release|Any CPU
		{DB265B00-82D8-4C7F-B2AE-07351999A873}.Release|Any CPU.Build.0 = Release|Any CPU
		{6A3142E9-76F1-4154-AABC-2AA225A6B45F}.Debug|Any CPU.ActiveCfg = Debug|Any CPU
		{6A3142E9-76F1-4154-AABC-2AA225A6B45F}.Debug|Any CPU.Build.0 = Debug|Any CPU
		{6A3142E9-76F1-4154-AABC-2AA225A6B45F}.Release|Any CPU.ActiveCfg = Release|Any CPU
		{6A3142E9-76F1-4154-AABC-2AA225A6B45F}.Release|Any CPU.Build.0 = Release|Any CPU
		{21037D3D-9337-4CC6-ACC9-1AD225F406BB}.Debug|Any CPU.ActiveCfg = Debug|Any CPU
		{21037D3D-9337-4CC6-ACC9-1AD225F406BB}.Debug|Any CPU.Build.0 = Debug|Any CPU
		{21037D3D-9337-4CC6-ACC9-1AD225F406BB}.Release|Any CPU.ActiveCfg = Release|Any CPU
		{21037D3D-9337-4CC6-ACC9-1AD225F406BB}.Release|Any CPU.Build.0 = Release|Any CPU
		{2511F0F8-2EFF-4964-BC53-DE876AE6A724}.Debug|Any CPU.ActiveCfg = Debug|Any CPU
		{2511F0F8-2EFF-4964-BC53-DE876AE6A724}.Debug|Any CPU.Build.0 = Debug|Any CPU
		{2511F0F8-2EFF-4964-BC53-DE876AE6A724}.Release|Any CPU.ActiveCfg = Release|Any CPU
		{2511F0F8-2EFF-4964-BC53-DE876AE6A724}.Release|Any CPU.Build.0 = Release|Any CPU
		{0D5D2B5A-9C2E-42D5-BA09-979ECDA1978D}.Debug|Any CPU.ActiveCfg = Debug|Any CPU
		{0D5D2B5A-9C2E-42D5-BA09-979ECDA1978D}.Debug|Any CPU.Build.0 = Debug|Any CPU
		{0D5D2B5A-9C2E-42D5-BA09-979ECDA1978D}.Release|Any CPU.ActiveCfg = Release|Any CPU
		{0D5D2B5A-9C2E-42D5-BA09-979ECDA1978D}.Release|Any CPU.Build.0 = Release|Any CPU
		{AA724B97-48A6-4ED6-ABF9-27BB1B21433E}.Debug|Any CPU.ActiveCfg = Debug|Any CPU
		{AA724B97-48A6-4ED6-ABF9-27BB1B21433E}.Debug|Any CPU.Build.0 = Debug|Any CPU
		{AA724B97-48A6-4ED6-ABF9-27BB1B21433E}.Release|Any CPU.ActiveCfg = Release|Any CPU
		{AA724B97-48A6-4ED6-ABF9-27BB1B21433E}.Release|Any CPU.Build.0 = Release|Any CPU
		{A7DA5083-0C64-4242-802E-22507C3FBBA6}.Debug|Any CPU.ActiveCfg = Debug|Any CPU
		{A7DA5083-0C64-4242-802E-22507C3FBBA6}.Debug|Any CPU.Build.0 = Debug|Any CPU
		{A7DA5083-0C64-4242-802E-22507C3FBBA6}.Release|Any CPU.ActiveCfg = Release|Any CPU
		{A7DA5083-0C64-4242-802E-22507C3FBBA6}.Release|Any CPU.Build.0 = Release|Any CPU
		{8F3BBEB4-0CA8-4942-892E-1E6E91EF0D95}.Debug|Any CPU.ActiveCfg = Debug|Any CPU
		{8F3BBEB4-0CA8-4942-892E-1E6E91EF0D95}.Debug|Any CPU.Build.0 = Debug|Any CPU
		{8F3BBEB4-0CA8-4942-892E-1E6E91EF0D95}.Release|Any CPU.ActiveCfg = Release|Any CPU
		{8F3BBEB4-0CA8-4942-892E-1E6E91EF0D95}.Release|Any CPU.Build.0 = Release|Any CPU
		{32912746-D020-49AB-8F80-23E4016458C0}.Debug|Any CPU.ActiveCfg = Debug|Any CPU
		{32912746-D020-49AB-8F80-23E4016458C0}.Debug|Any CPU.Build.0 = Debug|Any CPU
		{32912746-D020-49AB-8F80-23E4016458C0}.Release|Any CPU.ActiveCfg = Release|Any CPU
		{32912746-D020-49AB-8F80-23E4016458C0}.Release|Any CPU.Build.0 = Release|Any CPU
		{07EABE01-DA78-4D32-BB47-798696A237BA}.Debug|Any CPU.ActiveCfg = Debug|Any CPU
		{07EABE01-DA78-4D32-BB47-798696A237BA}.Debug|Any CPU.Build.0 = Debug|Any CPU
		{07EABE01-DA78-4D32-BB47-798696A237BA}.Release|Any CPU.ActiveCfg = Release|Any CPU
		{07EABE01-DA78-4D32-BB47-798696A237BA}.Release|Any CPU.Build.0 = Release|Any CPU
		{0375D3DF-764F-4B3A-B08F-EB2F3E733F99}.Debug|Any CPU.ActiveCfg = Debug|Any CPU
		{0375D3DF-764F-4B3A-B08F-EB2F3E733F99}.Debug|Any CPU.Build.0 = Debug|Any CPU
		{0375D3DF-764F-4B3A-B08F-EB2F3E733F99}.Release|Any CPU.ActiveCfg = Release|Any CPU
		{0375D3DF-764F-4B3A-B08F-EB2F3E733F99}.Release|Any CPU.Build.0 = Release|Any CPU
	EndGlobalSection
	GlobalSection(SolutionProperties) = preSolution
		HideSolutionNode = FALSE
	EndGlobalSection
	GlobalSection(ExtensibilityGlobals) = postSolution
		SolutionGuid = {ABA1E971-218B-43B1-8F4F-1695E01DFF7D}
	EndGlobalSection
	GlobalSection(NestedProjects) = preSolution
		{EAF82049-3886-4D04-816E-D67E4EDF0E66} = {78B52D9A-523F-43C0-99BF-304A0E11D887}
		{DB265B00-82D8-4C7F-B2AE-07351999A873} = {0453BA80-714F-49E9-B6C9-C536105D97B4}
		{CC490B10-E3D0-4790-A6EB-61B1ED98D7BD} = {78B52D9A-523F-43C0-99BF-304A0E11D887}
		{6A3142E9-76F1-4154-AABC-2AA225A6B45F} = {CC490B10-E3D0-4790-A6EB-61B1ED98D7BD}
		{C0F6C47F-C779-4FE6-8D16-27FD964743DD} = {78B52D9A-523F-43C0-99BF-304A0E11D887}
		{21037D3D-9337-4CC6-ACC9-1AD225F406BB} = {C0F6C47F-C779-4FE6-8D16-27FD964743DD}
		{4E161259-6A84-45E8-8CFA-C1771890DB89} = {78B52D9A-523F-43C0-99BF-304A0E11D887}
		{2511F0F8-2EFF-4964-BC53-DE876AE6A724} = {0453BA80-714F-49E9-B6C9-C536105D97B4}
		{0D5D2B5A-9C2E-42D5-BA09-979ECDA1978D} = {B20815C9-9284-40DA-A93E-3BD0758F5046}
		{094CC872-0F73-40C4-BE96-A1E378D19658} = {0453BA80-714F-49E9-B6C9-C536105D97B4}
		{92E8A250-079E-4027-91B4-41EF8B3FA752} = {0453BA80-714F-49E9-B6C9-C536105D97B4}
		{AA724B97-48A6-4ED6-ABF9-27BB1B21433E} = {92E8A250-079E-4027-91B4-41EF8B3FA752}
		{A7DA5083-0C64-4242-802E-22507C3FBBA6} = {4E161259-6A84-45E8-8CFA-C1771890DB89}
		{B895C205-CBE1-4BAC-9312-72A767861C73} = {78B52D9A-523F-43C0-99BF-304A0E11D887}
		{210DC8DB-C18F-470E-BFA1-2AB1D73BF3DC} = {78B52D9A-523F-43C0-99BF-304A0E11D887}
		{4A246485-6BF3-4093-88ED-DC89E1CA4ECA} = {210DC8DB-C18F-470E-BFA1-2AB1D73BF3DC}
		{8F3BBEB4-0CA8-4942-892E-1E6E91EF0D95} = {210DC8DB-C18F-470E-BFA1-2AB1D73BF3DC}
		{32912746-D020-49AB-8F80-23E4016458C0} = {4E161259-6A84-45E8-8CFA-C1771890DB89}
		{574C3E7A-07EB-4650-AFD5-437BBB11B1CB} = {78B52D9A-523F-43C0-99BF-304A0E11D887}
		{07EABE01-DA78-4D32-BB47-798696A237BA} = {574C3E7A-07EB-4650-AFD5-437BBB11B1CB}
		{0375D3DF-764F-4B3A-B08F-EB2F3E733F99} = {574C3E7A-07EB-4650-AFD5-437BBB11B1CB}
	EndGlobalSection
EndGlobal
